
Microsoft Visual Studio Solution File, Format Version 12.00
# Visual Studio Version 17
VisualStudioVersion = 17.1.32328.378
MinimumVisualStudioVersion = 10.0.40219.1
Project("{FAE04EC0-301F-11D3-BF4B-00C04F79EFBC}") = "Ex03.GarageLogic", "Ex03.GarageLogic\Ex03.GarageLogic.csproj", "{8D39AD19-FE2C-4D84-A662-D2DB6733F22C}"
EndProject
Project("{FAE04EC0-301F-11D3-BF4B-00C04F79EFBC}") = "Ex03.ConsoleUI", "Ex03.ConsoleUI\Ex03.ConsoleUI.csproj", "{14339092-7C8A-42F2-964E-A129DDB44141}"
EndProject
Global
	GlobalSection(SolutionConfigurationPlatforms) = preSolution
		Debug|Any CPU = Debug|Any CPU
		Release|Any CPU = Release|Any CPU
	EndGlobalSection
	GlobalSection(ProjectConfigurationPlatforms) = postSolution
		{8D39AD19-FE2C-4D84-A662-D2DB6733F22C}.Debug|Any CPU.ActiveCfg = Debug|Any CPU
		{8D39AD19-FE2C-4D84-A662-D2DB6733F22C}.Debug|Any CPU.Build.0 = Debug|Any CPU
		{8D39AD19-FE2C-4D84-A662-D2DB6733F22C}.Release|Any CPU.ActiveCfg = Release|Any CPU
		{8D39AD19-FE2C-4D84-A662-D2DB6733F22C}.Release|Any CPU.Build.0 = Release|Any CPU
		{14339092-7C8A-42F2-964E-A129DDB44141}.Debug|Any CPU.ActiveCfg = Debug|Any CPU
		{14339092-7C8A-42F2-964E-A129DDB44141}.Debug|Any CPU.Build.0 = Debug|Any CPU
		{14339092-7C8A-42F2-964E-A129DDB44141}.Release|Any CPU.ActiveCfg = Release|Any CPU
		{14339092-7C8A-42F2-964E-A129DDB44141}.Release|Any CPU.Build.0 = Release|Any CPU
	EndGlobalSection
	GlobalSection(SolutionProperties) = preSolution
		HideSolutionNode = FALSE
	EndGlobalSection
	GlobalSection(ExtensibilityGlobals) = postSolution
		SolutionGuid = {4D26F125-E372-42B4-B92C-56F9836E78C1}
	EndGlobalSection
EndGlobal
